// !$*UTF8*$!
{
	archiveVersion = 1;
	classes = {
	};
	objectVersion = 56;
	objects = {

/* Begin PBXBuildFile section */
		3506950C2B2D742600AB267A /* ArticulaTestApp.swift in Sources */ = {isa = PBXBuildFile; fileRef = 3506950B2B2D742600AB267A /* ArticulaTestApp.swift */; };
		3506950E2B2D742600AB267A /* ContentView.swift in Sources */ = {isa = PBXBuildFile; fileRef = 3506950D2B2D742600AB267A /* ContentView.swift */; };
		350695102B2D742700AB267A /* Assets.xcassets in Resources */ = {isa = PBXBuildFile; fileRef = 3506950F2B2D742700AB267A /* Assets.xcassets */; };
		350695132B2D742700AB267A /* Preview Assets.xcassets in Resources */ = {isa = PBXBuildFile; fileRef = 350695122B2D742700AB267A /* Preview Assets.xcassets */; };
		3506951B2B2D750700AB267A /* AIAEC in Frameworks */ = {isa = PBXBuildFile; productRef = 3506951A2B2D750700AB267A /* AIAEC */; };
		3506951D2B2D750700AB267A /* AINS in Frameworks */ = {isa = PBXBuildFile; productRef = 3506951C2B2D750700AB267A /* AINS */; };
		3506951F2B2D750700AB267A /* AudioBeauty in Frameworks */ = {isa = PBXBuildFile; productRef = 3506951E2B2D750700AB267A /* AudioBeauty */; };
		350695212B2D750700AB267A /* DRM in Frameworks */ = {isa = PBXBuildFile; productRef = 350695202B2D750700AB267A /* DRM */; };
		350695232B2D750700AB267A /* RtcBasic in Frameworks */ = {isa = PBXBuildFile; productRef = 350695222B2D750700AB267A /* RtcBasic */; };
		350695252B2D750700AB267A /* SpatialAudio in Frameworks */ = {isa = PBXBuildFile; productRef = 350695242B2D750700AB267A /* SpatialAudio */; };
		350695272B2D754900AB267A /* ContentViewModel.swift in Sources */ = {isa = PBXBuildFile; fileRef = 350695262B2D754900AB267A /* ContentViewModel.swift */; };
		3506952B2B2D90C800AB267A /* CallManager.swift in Sources */ = {isa = PBXBuildFile; fileRef = 3506952A2B2D90C800AB267A /* CallManager.swift */; };
/* End PBXBuildFile section */

/* Begin PBXFileReference section */
		350695082B2D742600AB267A /* ArticulaTest.app */ = {isa = PBXFileReference; explicitFileType = wrapper.application; includeInIndex = 0; path = ArticulaTest.app; sourceTree = BUILT_PRODUCTS_DIR; };
		3506950B2B2D742600AB267A /* ArticulaTestApp.swift */ = {isa = PBXFileReference; lastKnownFileType = sourcecode.swift; path = ArticulaTestApp.swift; sourceTree = "<group>"; };
		3506950D2B2D742600AB267A /* ContentView.swift */ = {isa = PBXFileReference; lastKnownFileType = sourcecode.swift; path = ContentView.swift; sourceTree = "<group>"; };
		3506950F2B2D742700AB267A /* Assets.xcassets */ = {isa = PBXFileReference; lastKnownFileType = folder.assetcatalog; path = Assets.xcassets; sourceTree = "<group>"; };
		350695122B2D742700AB267A /* Preview Assets.xcassets */ = {isa = PBXFileReference; lastKnownFileType = folder.assetcatalog; path = "Preview Assets.xcassets"; sourceTree = "<group>"; };
		350695262B2D754900AB267A /* ContentViewModel.swift */ = {isa = PBXFileReference; lastKnownFileType = sourcecode.swift; path = ContentViewModel.swift; sourceTree = "<group>"; };
		350695282B2D907300AB267A /* Info.plist */ = {isa = PBXFileReference; lastKnownFileType = text.plist; path = Info.plist; sourceTree = "<group>"; };
		350695292B2D90A400AB267A /* ArticulaTest.entitlements */ = {isa = PBXFileReference; lastKnownFileType = text.plist.entitlements; path = ArticulaTest.entitlements; sourceTree = "<group>"; };
		3506952A2B2D90C800AB267A /* CallManager.swift */ = {isa = PBXFileReference; lastKnownFileType = sourcecode.swift; path = CallManager.swift; sourceTree = "<group>"; };
/* End PBXFileReference section */

/* Begin PBXFrameworksBuildPhase section */
		350695052B2D742600AB267A /* Frameworks */ = {
			isa = PBXFrameworksBuildPhase;
			buildActionMask = 2147483647;
			files = (
				350695252B2D750700AB267A /* SpatialAudio in Frameworks */,
				3506951F2B2D750700AB267A /* AudioBeauty in Frameworks */,
				3506951B2B2D750700AB267A /* AIAEC in Frameworks */,
				350695212B2D750700AB267A /* DRM in Frameworks */,
				3506951D2B2D750700AB267A /* AINS in Frameworks */,
				350695232B2D750700AB267A /* RtcBasic in Frameworks */,
			);
			runOnlyForDeploymentPostprocessing = 0;
		};
/* End PBXFrameworksBuildPhase section */

/* Begin PBXGroup section */
		350694FF2B2D742600AB267A = {
			isa = PBXGroup;
			children = (
				3506950A2B2D742600AB267A /* ArticulaTest */,
				350695092B2D742600AB267A /* Products */,
			);
			sourceTree = "<group>";
		};
		350695092B2D742600AB267A /* Products */ = {
			isa = PBXGroup;
			children = (
				350695082B2D742600AB267A /* ArticulaTest.app */,
			);
			name = Products;
			sourceTree = "<group>";
		};
		3506950A2B2D742600AB267A /* ArticulaTest */ = {
			isa = PBXGroup;
			children = (
				350695292B2D90A400AB267A /* ArticulaTest.entitlements */,
				350695282B2D907300AB267A /* Info.plist */,
				3506950B2B2D742600AB267A /* ArticulaTestApp.swift */,
				3506950D2B2D742600AB267A /* ContentView.swift */,
				350695262B2D754900AB267A /* ContentViewModel.swift */,
				3506950F2B2D742700AB267A /* Assets.xcassets */,
				350695112B2D742700AB267A /* Preview Content */,
				3506952A2B2D90C800AB267A /* CallManager.swift */,
			);
			path = ArticulaTest;
			sourceTree = "<group>";
		};
		350695112B2D742700AB267A /* Preview Content */ = {
			isa = PBXGroup;
			children = (
				350695122B2D742700AB267A /* Preview Assets.xcassets */,
			);
			path = "Preview Content";
			sourceTree = "<group>";
		};
/* End PBXGroup section */

/* Begin PBXNativeTarget section */
		350695072B2D742600AB267A /* ArticulaTest */ = {
			isa = PBXNativeTarget;
			buildConfigurationList = 350695162B2D742700AB267A /* Build configuration list for PBXNativeTarget "ArticulaTest" */;
			buildPhases = (
				350695042B2D742600AB267A /* Sources */,
				350695052B2D742600AB267A /* Frameworks */,
				350695062B2D742600AB267A /* Resources */,
			);
			buildRules = (
			);
			dependencies = (
			);
			name = ArticulaTest;
			packageProductDependencies = (
				3506951A2B2D750700AB267A /* AIAEC */,
				3506951C2B2D750700AB267A /* AINS */,
				3506951E2B2D750700AB267A /* AudioBeauty */,
				350695202B2D750700AB267A /* DRM */,
				350695222B2D750700AB267A /* RtcBasic */,
				350695242B2D750700AB267A /* SpatialAudio */,
			);
			productName = ArticulaTest;
			productReference = 350695082B2D742600AB267A /* ArticulaTest.app */;
			productType = "com.apple.product-type.application";
		};
/* End PBXNativeTarget section */

/* Begin PBXProject section */
		350695002B2D742600AB267A /* Project object */ = {
			isa = PBXProject;
			attributes = {
				BuildIndependentTargetsInParallel = 1;
				LastSwiftUpdateCheck = 1510;
				LastUpgradeCheck = 1510;
				TargetAttributes = {
					350695072B2D742600AB267A = {
						CreatedOnToolsVersion = 15.1;
					};
				};
			};
			buildConfigurationList = 350695032B2D742600AB267A /* Build configuration list for PBXProject "ArticulaTest" */;
			compatibilityVersion = "Xcode 14.0";
			developmentRegion = en;
			hasScannedForEncodings = 0;
			knownRegions = (
				en,
				Base,
			);
			mainGroup = 350694FF2B2D742600AB267A;
			packageReferences = (
				350695192B2D750700AB267A /* XCRemoteSwiftPackageReference "AgoraAudio_iOS" */,
			);
			productRefGroup = 350695092B2D742600AB267A /* Products */;
			projectDirPath = "";
			projectRoot = "";
			targets = (
				350695072B2D742600AB267A /* ArticulaTest */,
			);
		};
/* End PBXProject section */

/* Begin PBXResourcesBuildPhase section */
		350695062B2D742600AB267A /* Resources */ = {
			isa = PBXResourcesBuildPhase;
			buildActionMask = 2147483647;
			files = (
				350695132B2D742700AB267A /* Preview Assets.xcassets in Resources */,
				350695102B2D742700AB267A /* Assets.xcassets in Resources */,
			);
			runOnlyForDeploymentPostprocessing = 0;
		};
/* End PBXResourcesBuildPhase section */

/* Begin PBXSourcesBuildPhase section */
		350695042B2D742600AB267A /* Sources */ = {
			isa = PBXSourcesBuildPhase;
			buildActionMask = 2147483647;
			files = (
				3506950E2B2D742600AB267A /* ContentView.swift in Sources */,
				3506950C2B2D742600AB267A /* ArticulaTestApp.swift in Sources */,
				350695272B2D754900AB267A /* ContentViewModel.swift in Sources */,
				3506952B2B2D90C800AB267A /* CallManager.swift in Sources */,
			);
			runOnlyForDeploymentPostprocessing = 0;
		};
/* End PBXSourcesBuildPhase section */

/* Begin XCBuildConfiguration section */
		350695142B2D742700AB267A /* Debug */ = {
			isa = XCBuildConfiguration;
			buildSettings = {
				ALWAYS_SEARCH_USER_PATHS = NO;
				ASSETCATALOG_COMPILER_GENERATE_SWIFT_ASSET_SYMBOL_EXTENSIONS = YES;
				CLANG_ANALYZER_NONNULL = YES;
				CLANG_ANALYZER_NUMBER_OBJECT_CONVERSION = YES_AGGRESSIVE;
				CLANG_CXX_LANGUAGE_STANDARD = "gnu++20";
				CLANG_ENABLE_MODULES = YES;
				CLANG_ENABLE_OBJC_ARC = YES;
				CLANG_ENABLE_OBJC_WEAK = YES;
				CLANG_WARN_BLOCK_CAPTURE_AUTORELEASING = YES;
				CLANG_WARN_BOOL_CONVERSION = YES;
				CLANG_WARN_COMMA = YES;
				CLANG_WARN_CONSTANT_CONVERSION = YES;
				CLANG_WARN_DEPRECATED_OBJC_IMPLEMENTATIONS = YES;
				CLANG_WARN_DIRECT_OBJC_ISA_USAGE = YES_ERROR;
				CLANG_WARN_DOCUMENTATION_COMMENTS = YES;
				CLANG_WARN_EMPTY_BODY = YES;
				CLANG_WARN_ENUM_CONVERSION = YES;
				CLANG_WARN_INFINITE_RECURSION = YES;
				CLANG_WARN_INT_CONVERSION = YES;
				CLANG_WARN_NON_LITERAL_NULL_CONVERSION = YES;
				CLANG_WARN_OBJC_IMPLICIT_RETAIN_SELF = YES;
				CLANG_WARN_OBJC_LITERAL_CONVERSION = YES;
				CLANG_WARN_OBJC_ROOT_CLASS = YES_ERROR;
				CLANG_WARN_QUOTED_INCLUDE_IN_FRAMEWORK_HEADER = YES;
				CLANG_WARN_RANGE_LOOP_ANALYSIS = YES;
				CLANG_WARN_STRICT_PROTOTYPES = YES;
				CLANG_WARN_SUSPICIOUS_MOVE = YES;
				CLANG_WARN_UNGUARDED_AVAILABILITY = YES_AGGRESSIVE;
				CLANG_WARN_UNREACHABLE_CODE = YES;
				CLANG_WARN__DUPLICATE_METHOD_MATCH = YES;
				COPY_PHASE_STRIP = NO;
				DEBUG_INFORMATION_FORMAT = dwarf;
				ENABLE_STRICT_OBJC_MSGSEND = YES;
				ENABLE_TESTABILITY = YES;
				ENABLE_USER_SCRIPT_SANDBOXING = YES;
				GCC_C_LANGUAGE_STANDARD = gnu17;
				GCC_DYNAMIC_NO_PIC = NO;
				GCC_NO_COMMON_BLOCKS = YES;
				GCC_OPTIMIZATION_LEVEL = 0;
				GCC_PREPROCESSOR_DEFINITIONS = (
					"DEBUG=1",
					"$(inherited)",
				);
				GCC_WARN_64_TO_32_BIT_CONVERSION = YES;
				GCC_WARN_ABOUT_RETURN_TYPE = YES_ERROR;
				GCC_WARN_UNDECLARED_SELECTOR = YES;
				GCC_WARN_UNINITIALIZED_AUTOS = YES_AGGRESSIVE;
				GCC_WARN_UNUSED_FUNCTION = YES;
				GCC_WARN_UNUSED_VARIABLE = YES;
				IPHONEOS_DEPLOYMENT_TARGET = 17.2;
				LOCALIZATION_PREFERS_STRING_CATALOGS = YES;
				MTL_ENABLE_DEBUG_INFO = INCLUDE_SOURCE;
				MTL_FAST_MATH = YES;
				ONLY_ACTIVE_ARCH = YES;
				SDKROOT = iphoneos;
				SWIFT_ACTIVE_COMPILATION_CONDITIONS = "DEBUG $(inherited)";
				SWIFT_OPTIMIZATION_LEVEL = "-Onone";
			};
			name = Debug;
		};
		350695152B2D742700AB267A /* Release */ = {
			isa = XCBuildConfiguration;
			buildSettings = {
				ALWAYS_SEARCH_USER_PATHS = NO;
				ASSETCATALOG_COMPILER_GENERATE_SWIFT_ASSET_SYMBOL_EXTENSIONS = YES;
				CLANG_ANALYZER_NONNULL = YES;
				CLANG_ANALYZER_NUMBER_OBJECT_CONVERSION = YES_AGGRESSIVE;
				CLANG_CXX_LANGUAGE_STANDARD = "gnu++20";
				CLANG_ENABLE_MODULES = YES;
				CLANG_ENABLE_OBJC_ARC = YES;
				CLANG_ENABLE_OBJC_WEAK = YES;
				CLANG_WARN_BLOCK_CAPTURE_AUTORELEASING = YES;
				CLANG_WARN_BOOL_CONVERSION = YES;
				CLANG_WARN_COMMA = YES;
				CLANG_WARN_CONSTANT_CONVERSION = YES;
				CLANG_WARN_DEPRECATED_OBJC_IMPLEMENTATIONS = YES;
				CLANG_WARN_DIRECT_OBJC_ISA_USAGE = YES_ERROR;
				CLANG_WARN_DOCUMENTATION_COMMENTS = YES;
				CLANG_WARN_EMPTY_BODY = YES;
				CLANG_WARN_ENUM_CONVERSION = YES;
				CLANG_WARN_INFINITE_RECURSION = YES;
				CLANG_WARN_INT_CONVERSION = YES;
				CLANG_WARN_NON_LITERAL_NULL_CONVERSION = YES;
				CLANG_WARN_OBJC_IMPLICIT_RETAIN_SELF = YES;
				CLANG_WARN_OBJC_LITERAL_CONVERSION = YES;
				CLANG_WARN_OBJC_ROOT_CLASS = YES_ERROR;
				CLANG_WARN_QUOTED_INCLUDE_IN_FRAMEWORK_HEADER = YES;
				CLANG_WARN_RANGE_LOOP_ANALYSIS = YES;
				CLANG_WARN_STRICT_PROTOTYPES = YES;
				CLANG_WARN_SUSPICIOUS_MOVE = YES;
				CLANG_WARN_UNGUARDED_AVAILABILITY = YES_AGGRESSIVE;
				CLANG_WARN_UNREACHABLE_CODE = YES;
				CLANG_WARN__DUPLICATE_METHOD_MATCH = YES;
				COPY_PHASE_STRIP = NO;
				DEBUG_INFORMATION_FORMAT = "dwarf-with-dsym";
				ENABLE_NS_ASSERTIONS = NO;
				ENABLE_STRICT_OBJC_MSGSEND = YES;
				ENABLE_USER_SCRIPT_SANDBOXING = YES;
				GCC_C_LANGUAGE_STANDARD = gnu17;
				GCC_NO_COMMON_BLOCKS = YES;
				GCC_WARN_64_TO_32_BIT_CONVERSION = YES;
				GCC_WARN_ABOUT_RETURN_TYPE = YES_ERROR;
				GCC_WARN_UNDECLARED_SELECTOR = YES;
				GCC_WARN_UNINITIALIZED_AUTOS = YES_AGGRESSIVE;
				GCC_WARN_UNUSED_FUNCTION = YES;
				GCC_WARN_UNUSED_VARIABLE = YES;
				IPHONEOS_DEPLOYMENT_TARGET = 17.2;
				LOCALIZATION_PREFERS_STRING_CATALOGS = YES;
				MTL_ENABLE_DEBUG_INFO = NO;
				MTL_FAST_MATH = YES;
				SDKROOT = iphoneos;
				SWIFT_COMPILATION_MODE = wholemodule;
				VALIDATE_PRODUCT = YES;
			};
			name = Release;
		};
		350695172B2D742700AB267A /* Debug */ = {
			isa = XCBuildConfiguration;
			buildSettings = {
				ASSETCATALOG_COMPILER_APPICON_NAME = AppIcon;
				ASSETCATALOG_COMPILER_GLOBAL_ACCENT_COLOR_NAME = AccentColor;
				CODE_SIGN_ENTITLEMENTS = ArticulaTest/ArticulaTest.entitlements;
				CODE_SIGN_STYLE = Automatic;
				CURRENT_PROJECT_VERSION = 1;
				DEVELOPMENT_ASSET_PATHS = "\"ArticulaTest/Preview Content\"";
				DEVELOPMENT_TEAM = E82Z46N6KL;
				ENABLE_PREVIEWS = YES;
				GENERATE_INFOPLIST_FILE = YES;
				INFOPLIST_FILE = ArticulaTest/Info.plist;
				INFOPLIST_KEY_NSMicrophoneUsageDescription = "Crystal clear Voice Call";
				INFOPLIST_KEY_UIApplicationSceneManifest_Generation = YES;
				INFOPLIST_KEY_UIApplicationSupportsIndirectInputEvents = YES;
				INFOPLIST_KEY_UILaunchScreen_Generation = YES;
				INFOPLIST_KEY_UISupportedInterfaceOrientations_iPad = "UIInterfaceOrientationPortrait UIInterfaceOrientationPortraitUpsideDown UIInterfaceOrientationLandscapeLeft UIInterfaceOrientationLandscapeRight";
				INFOPLIST_KEY_UISupportedInterfaceOrientations_iPhone = "UIInterfaceOrientationPortrait UIInterfaceOrientationLandscapeLeft UIInterfaceOrientationLandscapeRight";
				LD_RUNPATH_SEARCH_PATHS = (
					"$(inherited)",
					"@executable_path/Frameworks",
				);
				MARKETING_VERSION = 1.0;
				PRODUCT_BUNDLE_IDENTIFIER = com.letrongtriet.ArticulaTest;
				PRODUCT_NAME = "$(TARGET_NAME)";
				SWIFT_EMIT_LOC_STRINGS = YES;
				SWIFT_VERSION = 5.0;
				TARGETED_DEVICE_FAMILY = "1,2";
			};
			name = Debug;
		};
		350695182B2D742700AB267A /* Release */ = {
			isa = XCBuildConfiguration;
			buildSettings = {
				ASSETCATALOG_COMPILER_APPICON_NAME = AppIcon;
				ASSETCATALOG_COMPILER_GLOBAL_ACCENT_COLOR_NAME = AccentColor;
				CODE_SIGN_ENTITLEMENTS = ArticulaTest/ArticulaTest.entitlements;
				CODE_SIGN_STYLE = Automatic;
				CURRENT_PROJECT_VERSION = 1;
				DEVELOPMENT_ASSET_PATHS = "\"ArticulaTest/Preview Content\"";
				DEVELOPMENT_TEAM = E82Z46N6KL;
				ENABLE_PREVIEWS = YES;
				GENERATE_INFOPLIST_FILE = YES;
				INFOPLIST_FILE = ArticulaTest/Info.plist;
				INFOPLIST_KEY_NSMicrophoneUsageDescription = "Crystal clear Voice Call";
				INFOPLIST_KEY_UIApplicationSceneManifest_Generation = YES;
				INFOPLIST_KEY_UIApplicationSupportsIndirectInputEvents = YES;
				INFOPLIST_KEY_UILaunchScreen_Generation = YES;
				INFOPLIST_KEY_UISupportedInterfaceOrientations_iPad = "UIInterfaceOrientationPortrait UIInterfaceOrientationPortraitUpsideDown UIInterfaceOrientationLandscapeLeft UIInterfaceOrientationLandscapeRight";
				INFOPLIST_KEY_UISupportedInterfaceOrientations_iPhone = "UIInterfaceOrientationPortrait UIInterfaceOrientationLandscapeLeft UIInterfaceOrientationLandscapeRight";
				LD_RUNPATH_SEARCH_PATHS = (
					"$(inherited)",
					"@executable_path/Frameworks",
				);
				MARKETING_VERSION = 1.0;
				PRODUCT_BUNDLE_IDENTIFIER = com.letrongtriet.ArticulaTest;
				PRODUCT_NAME = "$(TARGET_NAME)";
				SWIFT_EMIT_LOC_STRINGS = YES;
				SWIFT_VERSION = 5.0;
				TARGETED_DEVICE_FAMILY = "1,2";
			};
			name = Release;
		};
/* End XCBuildConfiguration section */

/* Begin XCConfigurationList section */
		350695032B2D742600AB267A /* Build configuration list for PBXProject "ArticulaTest" */ = {
			isa = XCConfigurationList;
			buildConfigurations = (
				350695142B2D742700AB267A /* Debug */,
				350695152B2D742700AB267A /* Release */,
			);
			defaultConfigurationIsVisible = 0;
			defaultConfigurationName = Release;
		};
		350695162B2D742700AB267A /* Build configuration list for PBXNativeTarget "ArticulaTest" */ = {
			isa = XCConfigurationList;
			buildConfigurations = (
				350695172B2D742700AB267A /* Debug */,
				350695182B2D742700AB267A /* Release */,
			);
			defaultConfigurationIsVisible = 0;
			defaultConfigurationName = Release;
		};
/* End XCConfigurationList section */

/* Begin XCRemoteSwiftPackageReference section */
		350695192B2D750700AB267A /* XCRemoteSwiftPackageReference "AgoraAudio_iOS" */ = {
			isa = XCRemoteSwiftPackageReference;
			repositoryURL = "https://github.com/AgoraIO/AgoraAudio_iOS.git";
			requirement = {
				kind = upToNextMajorVersion;
				minimumVersion = 4.2.6;
			};
		};
/* End XCRemoteSwiftPackageReference section */

/* Begin XCSwiftPackageProductDependency section */
		3506951A2B2D750700AB267A /* AIAEC */ = {
			isa = XCSwiftPackageProductDependency;
			package = 350695192B2D750700AB267A /* XCRemoteSwiftPackageReference "AgoraAudio_iOS" */;
			productName = AIAEC;
		};
		3506951C2B2D750700AB267A /* AINS */ = {
			isa = XCSwiftPackageProductDependency;
			package = 350695192B2D750700AB267A /* XCRemoteSwiftPackageReference "AgoraAudio_iOS" */;
			productName = AINS;
		};
		3506951E2B2D750700AB267A /* AudioBeauty */ = {
			isa = XCSwiftPackageProductDependency;
			package = 350695192B2D750700AB267A /* XCRemoteSwiftPackageReference "AgoraAudio_iOS" */;
			productName = AudioBeauty;
		};
		350695202B2D750700AB267A /* DRM */ = {
			isa = XCSwiftPackageProductDependency;
			package = 350695192B2D750700AB267A /* XCRemoteSwiftPackageReference "AgoraAudio_iOS" */;
			productName = DRM;
		};
		350695222B2D750700AB267A /* RtcBasic */ = {
			isa = XCSwiftPackageProductDependency;
			package = 350695192B2D750700AB267A /* XCRemoteSwiftPackageReference "AgoraAudio_iOS" */;
			productName = RtcBasic;
		};
		350695242B2D750700AB267A /* SpatialAudio */ = {
			isa = XCSwiftPackageProductDependency;
			package = 350695192B2D750700AB267A /* XCRemoteSwiftPackageReference "AgoraAudio_iOS" */;
			productName = SpatialAudio;
		};
/* End XCSwiftPackageProductDependency section */
	};
	rootObject = 350695002B2D742600AB267A /* Project object */;
}
